
Microsoft Visual Studio Solution File, Format Version 12.00
# Visual Studio Version 16
VisualStudioVersion = 16.0.31624.102
MinimumVisualStudioVersion = 10.0.40219.1
Project("{FAE04EC0-301F-11D3-BF4B-00C04F79EFBC}") = "CSV-Converter", "CSV-Converter\CSV-Converter.csproj", "{F2A7A57E-88C0-4515-9863-5AF5C2790708}"
EndProject
Global
	GlobalSection(SolutionConfigurationPlatforms) = preSolution
		Debug|Any CPU = Debug|Any CPU
		Release|Any CPU = Release|Any CPU
	EndGlobalSection
	GlobalSection(ProjectConfigurationPlatforms) = postSolution
		{F2A7A57E-88C0-4515-9863-5AF5C2790708}.Debug|Any CPU.ActiveCfg = Debug|Any CPU
		{F2A7A57E-88C0-4515-9863-5AF5C2790708}.Debug|Any CPU.Build.0 = Debug|Any CPU
		{F2A7A57E-88C0-4515-9863-5AF5C2790708}.Release|Any CPU.ActiveCfg = Release|Any CPU
		{F2A7A57E-88C0-4515-9863-5AF5C2790708}.Release|Any CPU.Build.0 = Release|Any CPU
	EndGlobalSection
	GlobalSection(SolutionProperties) = preSolution
		HideSolutionNode = FALSE
	EndGlobalSection
	GlobalSection(ExtensibilityGlobals) = postSolution
		SolutionGuid = {F8B87168-7767-4A11-8C2C-4A8534FD2A1B}
	EndGlobalSection
EndGlobal
